
Microsoft Visual Studio Solution File, Format Version 12.00
# Visual Studio 15
VisualStudioVersion = 15.0.27004.2009
MinimumVisualStudioVersion = 10.0.40219.1
Project("{FAE04EC0-301F-11D3-BF4B-00C04F79EFBC}") = "SnackBites", "SnackBites\SnackBites.csproj", "{F027504E-4659-4C5F-8E63-824F3331FF33}"
EndProject
Global
	GlobalSection(SolutionConfigurationPlatforms) = preSolution
		Debug|Any CPU = Debug|Any CPU
		Release|Any CPU = Release|Any CPU
	EndGlobalSection
	GlobalSection(ProjectConfigurationPlatforms) = postSolution
		{F027504E-4659-4C5F-8E63-824F3331FF33}.Debug|Any CPU.ActiveCfg = Debug|Any CPU
		{F027504E-4659-4C5F-8E63-824F3331FF33}.Debug|Any CPU.Build.0 = Debug|Any CPU
		{F027504E-4659-4C5F-8E63-824F3331FF33}.Release|Any CPU.ActiveCfg = Release|Any CPU
		{F027504E-4659-4C5F-8E63-824F3331FF33}.Release|Any CPU.Build.0 = Release|Any CPU
	EndGlobalSection
	GlobalSection(SolutionProperties) = preSolution
		HideSolutionNode = FALSE
	EndGlobalSection
	GlobalSection(ExtensibilityGlobals) = postSolution
		SolutionGuid = {C115BBBA-62A1-4BC3-8F78-2A42DDDEED6C}
	EndGlobalSection
EndGlobal
